
Microsoft Visual Studio Solution File, Format Version 11.00
# Visual Studio 2010
Project("{FAE04EC0-301F-11D3-BF4B-00C04F79EFBC}") = "Database", "Database\Database.csproj", "{41232F2C-D21A-4F6C-8405-1DC80F87ECC8}"
EndProject
Project("{FAE04EC0-301F-11D3-BF4B-00C04F79EFBC}") = "ClientJavaServer", "ClientJavaServer\ClientJavaServer.csproj", "{E6CC8DB8-25B5-42D9-89D5-9143968C2609}"
EndProject
Project("{FAE04EC0-301F-11D3-BF4B-00C04F79EFBC}") = "Utils", "Utils\Utils.csproj", "{21EB148B-A65C-485B-AE50-6E2F32990A67}"
EndProject
Global
	GlobalSection(SolutionConfigurationPlatforms) = preSolution
		Debug|Any CPU = Debug|Any CPU
		Release|Any CPU = Release|Any CPU
	EndGlobalSection
	GlobalSection(ProjectConfigurationPlatforms) = postSolution
		{41232F2C-D21A-4F6C-8405-1DC80F87ECC8}.Debug|Any CPU.ActiveCfg = Debug|Any CPU
		{41232F2C-D21A-4F6C-8405-1DC80F87ECC8}.Debug|Any CPU.Build.0 = Debug|Any CPU
		{41232F2C-D21A-4F6C-8405-1DC80F87ECC8}.Release|Any CPU.ActiveCfg = Release|Any CPU
		{41232F2C-D21A-4F6C-8405-1DC80F87ECC8}.Release|Any CPU.Build.0 = Release|Any CPU
		{E6CC8DB8-25B5-42D9-89D5-9143968C2609}.Debug|Any CPU.ActiveCfg = Debug|Any CPU
		{E6CC8DB8-25B5-42D9-89D5-9143968C2609}.Debug|Any CPU.Build.0 = Debug|Any CPU
		{E6CC8DB8-25B5-42D9-89D5-9143968C2609}.Release|Any CPU.ActiveCfg = Release|Any CPU
		{E6CC8DB8-25B5-42D9-89D5-9143968C2609}.Release|Any CPU.Build.0 = Release|Any CPU
		{21EB148B-A65C-485B-AE50-6E2F32990A67}.Debug|Any CPU.ActiveCfg = Debug|Any CPU
		{21EB148B-A65C-485B-AE50-6E2F32990A67}.Debug|Any CPU.Build.0 = Debug|Any CPU
		{21EB148B-A65C-485B-AE50-6E2F32990A67}.Release|Any CPU.ActiveCfg = Release|Any CPU
		{21EB148B-A65C-485B-AE50-6E2F32990A67}.Release|Any CPU.Build.0 = Release|Any CPU
	EndGlobalSection
	GlobalSection(SolutionProperties) = preSolution
		HideSolutionNode = FALSE
	EndGlobalSection
EndGlobal
